{
  "version": 4,
  "terraform_version": "1.9.8",
  "serial": 25,
  "lineage": "e81dd744-720d-0462-e9fd-2a6866a5c9a6",
  "outputs": {},
  "resources": [
    {
      "mode": "managed",
      "type": "aws_eip",
      "name": "nat_eip",
      "provider": "provider[\"registry.terraform.io/hashicorp/aws\"]",
      "instances": [
        {
          "schema_version": 0,
          "attributes": {
            "address": null,
            "allocation_id": "eipalloc-0613c202ef193d926",
            "arn": "arn:aws:ec2:ca-central-1:054037121931:elastic-ip/eipalloc-0613c202ef193d926",
            "associate_with_private_ip": null,
            "association_id": "eipassoc-0fa626cea9bafa07e",
            "carrier_ip": "",
            "customer_owned_ip": "",
            "customer_owned_ipv4_pool": "",
            "domain": "vpc",
            "id": "eipalloc-0613c202ef193d926",
            "instance": "",
            "ipam_pool_id": null,
            "network_border_group": "ca-central-1",
            "network_interface": "eni-0af4ace45ca586750",
            "private_dns": "ip-12-0-0-243.ca-central-1.compute.internal",
            "private_ip": "12.0.0.243",
            "ptr_record": "",
            "public_dns": "ec2-15-156-45-94.ca-central-1.compute.amazonaws.com",
            "public_ip": "15.156.45.94",
            "public_ipv4_pool": "amazon",
            "tags": {
              "Name": "NAT EIP"
            },
            "tags_all": {
              "Name": "NAT EIP"
            },
            "timeouts": null,
            "vpc": true
          },
          "sensitive_attributes": [],
          "private": "eyJlMmJmYjczMC1lY2FhLTExZTYtOGY4OC0zNDM2M2JjN2M0YzAiOnsiZGVsZXRlIjoxODAwMDAwMDAwMDAsInJlYWQiOjkwMDAwMDAwMDAwMCwidXBkYXRlIjozMDAwMDAwMDAwMDB9fQ=="
        }
      ]
    },
    {
      "mode": "managed",
      "type": "aws_internet_gateway",
      "name": "public_internet_gateway",
      "provider": "provider[\"registry.terraform.io/hashicorp/aws\"]",
      "instances": [
        {
          "schema_version": 0,
          "attributes": {
            "arn": "arn:aws:ec2:ca-central-1:054037121931:internet-gateway/igw-035f7eeb9c6af2ac5",
            "id": "igw-035f7eeb9c6af2ac5",
            "owner_id": "054037121931",
            "tags": {
              "Name": "IGW: for public subnets"
            },
            "tags_all": {
              "Name": "IGW: for public subnets"
            },
            "timeouts": null,
            "vpc_id": "vpc-02ce11ff3be0c5dab"
          },
          "sensitive_attributes": [],
          "private": "eyJlMmJmYjczMC1lY2FhLTExZTYtOGY4OC0zNDM2M2JjN2M0YzAiOnsiY3JlYXRlIjoxMjAwMDAwMDAwMDAwLCJkZWxldGUiOjEyMDAwMDAwMDAwMDAsInVwZGF0ZSI6MTIwMDAwMDAwMDAwMH19",
          "dependencies": [
            "aws_vpc.VPC"
          ]
        }
      ]
    },
    {
      "mode": "managed",
      "type": "aws_key_pair",
      "name": "Key_pair",
      "provider": "provider[\"registry.terraform.io/hashicorp/aws\"]",
      "instances": [
        {
          "schema_version": 1,
          "attributes": {
            "arn": "arn:aws:ec2:ca-central-1:054037121931:key-pair/Key_pair",
            "fingerprint": "f0:26:28:93:d7:09:fd:7b:57:cd:2c:cf:eb:fd:5c:c3",
            "id": "Key_pair",
            "key_name": "Key_pair",
            "key_name_prefix": "",
            "key_pair_id": "key-0e7d1f9999f7501e0",
            "key_type": "rsa",
            "public_key": "ssh-rsa AAAAB3NzaC1yc2EAAAADAQABAAACAQDjs0O08SukmydJqGep2+ylyWHHADl/S9Drn9nDCDzHnVHv/YDEdXEY2KBljAwYeB9OFO7ugZSQoaYquLjDahx4bsF9TCLPFnVHp+FvN6QBNB8NqS6BcfyAYs3UFnet9ynjSxVLNF6QIKFvQumVPnXJwKi5dufK/q4xV6KovQa6FGmdw9z0s5vUk5OLc6in00jkc1zZHxS02+FbMgcmq7CqVe2RZ8X0XLHdwbKOjnkGTeomf0w5QlIB0a7RJDYAjfnX3uGPeqbngDspwy2khuGOCe9d3nhpng2ai0244nlhjZz1pbKUI9zvKx7QQl/aoq2WPMOcHLh3LEw4udLZGL2mTyfGouBgST8oZ3FdmZ9tNh4xxRzuDKCaE0msma/3FxEbPlHbsvosWeLOL9FelivTwkspbP9WYxsTP8i1oahocaqmEcuxgfv6Hx4s0ZhPteYxp2vBnLQSaM3vM77Tz+REmSczaveuCATUUPfGUVC6TvKNkmTy39T3hx9eh14g851kjrT5BgEyZ25V6JUiCV/s3jCApOJnDUom2DTMeB8kXPmdtpaBj8Cxhb8i23AVUyeXnwmocRCoRV9GKgroWRiimVPkYixmr5PjoOCg992nTnbWsGlJZDWuqD7l1Fnwd3Hh/mLwIhi82UtOSeVmYIUVT8hICT6ko0S6ZrZxxPnG0w==",
            "tags": {},
            "tags_all": {}
          },
          "sensitive_attributes": [],
          "private": "eyJzY2hlbWFfdmVyc2lvbiI6IjEifQ==",
          "dependencies": [
            "tls_private_key.rsa"
          ]
        }
      ]
    },
    {
      "mode": "managed",
      "type": "aws_nat_gateway",
      "name": "NAT-Gateway",
      "provider": "provider[\"registry.terraform.io/hashicorp/aws\"]",
      "instances": [
        {
          "schema_version": 0,
          "attributes": {
            "allocation_id": "eipalloc-0613c202ef193d926",
            "association_id": "eipassoc-0fa626cea9bafa07e",
            "connectivity_type": "public",
            "id": "nat-054d1f24bcd4bdd15",
            "network_interface_id": "eni-0af4ace45ca586750",
            "private_ip": "12.0.0.243",
            "public_ip": "15.156.45.94",
            "secondary_allocation_ids": [],
            "secondary_private_ip_address_count": 0,
            "secondary_private_ip_addresses": [],
            "subnet_id": "subnet-01a4e8a5dfc6c4ec5",
            "tags": {
              "Name": "NAT Gateway"
            },
            "tags_all": {
              "Name": "NAT Gateway"
            },
            "timeouts": null
          },
          "sensitive_attributes": [],
          "private": "eyJlMmJmYjczMC1lY2FhLTExZTYtOGY4OC0zNDM2M2JjN2M0YzAiOnsiY3JlYXRlIjo2MDAwMDAwMDAwMDAsImRlbGV0ZSI6MTgwMDAwMDAwMDAwMCwidXBkYXRlIjo2MDAwMDAwMDAwMDB9fQ==",
          "dependencies": [
            "aws_eip.nat_eip",
            "aws_subnet.public_subnet",
            "aws_vpc.VPC"
          ]
        }
      ]
    },
    {
      "mode": "managed",
      "type": "aws_route_table",
      "name": "private_route_table",
      "provider": "provider[\"registry.terraform.io/hashicorp/aws\"]",
      "instances": [
        {
          "schema_version": 0,
          "attributes": {
            "arn": "arn:aws:ec2:ca-central-1:054037121931:route-table/rtb-0f71793cd178b98c5",
            "id": "rtb-0f71793cd178b98c5",
            "owner_id": "054037121931",
            "propagating_vgws": [],
            "route": [
              {
                "carrier_gateway_id": "",
                "cidr_block": "0.0.0.0/0",
                "core_network_arn": "",
                "destination_prefix_list_id": "",
                "egress_only_gateway_id": "",
                "gateway_id": "",
                "ipv6_cidr_block": "",
                "local_gateway_id": "",
                "nat_gateway_id": "nat-054d1f24bcd4bdd15",
                "network_interface_id": "",
                "transit_gateway_id": "",
                "vpc_endpoint_id": "",
                "vpc_peering_connection_id": ""
              }
            ],
            "tags": {
              "Name": "Private Route Table"
            },
            "tags_all": {
              "Name": "Private Route Table"
            },
            "timeouts": null,
            "vpc_id": "vpc-02ce11ff3be0c5dab"
          },
          "sensitive_attributes": [],
          "private": "eyJlMmJmYjczMC1lY2FhLTExZTYtOGY4OC0zNDM2M2JjN2M0YzAiOnsiY3JlYXRlIjozMDAwMDAwMDAwMDAsImRlbGV0ZSI6MzAwMDAwMDAwMDAwLCJ1cGRhdGUiOjEyMDAwMDAwMDAwMH19",
          "dependencies": [
            "aws_eip.nat_eip",
            "aws_nat_gateway.NAT-Gateway",
            "aws_subnet.public_subnet",
            "aws_vpc.VPC"
          ]
        }
      ]
    },
    {
      "mode": "managed",
      "type": "aws_route_table",
      "name": "public_route_table",
      "provider": "provider[\"registry.terraform.io/hashicorp/aws\"]",
      "instances": [
        {
          "schema_version": 0,
          "attributes": {
            "arn": "arn:aws:ec2:ca-central-1:054037121931:route-table/rtb-0d22f185bfea4b71a",
            "id": "rtb-0d22f185bfea4b71a",
            "owner_id": "054037121931",
            "propagating_vgws": [],
            "route": [
              {
                "carrier_gateway_id": "",
                "cidr_block": "0.0.0.0/0",
                "core_network_arn": "",
                "destination_prefix_list_id": "",
                "egress_only_gateway_id": "",
                "gateway_id": "igw-035f7eeb9c6af2ac5",
                "ipv6_cidr_block": "",
                "local_gateway_id": "",
                "nat_gateway_id": "",
                "network_interface_id": "",
                "transit_gateway_id": "",
                "vpc_endpoint_id": "",
                "vpc_peering_connection_id": ""
              }
            ],
            "tags": {
              "Name": "PublicRouteTable",
              "Project": "vpc"
            },
            "tags_all": {
              "Name": "PublicRouteTable",
              "Project": "vpc"
            },
            "timeouts": null,
            "vpc_id": "vpc-02ce11ff3be0c5dab"
          },
          "sensitive_attributes": [],
          "private": "eyJlMmJmYjczMC1lY2FhLTExZTYtOGY4OC0zNDM2M2JjN2M0YzAiOnsiY3JlYXRlIjozMDAwMDAwMDAwMDAsImRlbGV0ZSI6MzAwMDAwMDAwMDAwLCJ1cGRhdGUiOjEyMDAwMDAwMDAwMH19",
          "dependencies": [
            "aws_internet_gateway.public_internet_gateway",
            "aws_vpc.VPC"
          ]
        }
      ]
    },
    {
      "mode": "managed",
      "type": "aws_route_table_association",
      "name": "private",
      "provider": "provider[\"registry.terraform.io/hashicorp/aws\"]",
      "instances": [
        {
          "index_key": 0,
          "schema_version": 0,
          "attributes": {
            "gateway_id": "",
            "id": "rtbassoc-083cc27fe37e094a0",
            "route_table_id": "rtb-0f71793cd178b98c5",
            "subnet_id": "subnet-06772fc8317ffc8e6",
            "timeouts": null
          },
          "sensitive_attributes": [],
          "private": "eyJlMmJmYjczMC1lY2FhLTExZTYtOGY4OC0zNDM2M2JjN2M0YzAiOnsiY3JlYXRlIjozMDAwMDAwMDAwMDAsImRlbGV0ZSI6MzAwMDAwMDAwMDAwLCJ1cGRhdGUiOjEyMDAwMDAwMDAwMH19",
          "dependencies": [
            "aws_eip.nat_eip",
            "aws_nat_gateway.NAT-Gateway",
            "aws_route_table.private_route_table",
            "aws_subnet.private_subnet",
            "aws_subnet.public_subnet",
            "aws_vpc.VPC"
          ]
        },
        {
          "index_key": 1,
          "schema_version": 0,
          "attributes": {
            "gateway_id": "",
            "id": "rtbassoc-07f9ab0f0dccc806a",
            "route_table_id": "rtb-0f71793cd178b98c5",
            "subnet_id": "subnet-0aac5e69acfebfd31",
            "timeouts": null
          },
          "sensitive_attributes": [],
          "private": "eyJlMmJmYjczMC1lY2FhLTExZTYtOGY4OC0zNDM2M2JjN2M0YzAiOnsiY3JlYXRlIjozMDAwMDAwMDAwMDAsImRlbGV0ZSI6MzAwMDAwMDAwMDAwLCJ1cGRhdGUiOjEyMDAwMDAwMDAwMH19",
          "dependencies": [
            "aws_eip.nat_eip",
            "aws_nat_gateway.NAT-Gateway",
            "aws_route_table.private_route_table",
            "aws_subnet.private_subnet",
            "aws_subnet.public_subnet",
            "aws_vpc.VPC"
          ]
        }
      ]
    },
    {
      "mode": "managed",
      "type": "aws_route_table_association",
      "name": "public",
      "provider": "provider[\"registry.terraform.io/hashicorp/aws\"]",
      "instances": [
        {
          "index_key": 0,
          "schema_version": 0,
          "attributes": {
            "gateway_id": "",
            "id": "rtbassoc-07701e27646b4edc8",
            "route_table_id": "rtb-0d22f185bfea4b71a",
            "subnet_id": "subnet-01a4e8a5dfc6c4ec5",
            "timeouts": null
          },
          "sensitive_attributes": [],
          "private": "eyJlMmJmYjczMC1lY2FhLTExZTYtOGY4OC0zNDM2M2JjN2M0YzAiOnsiY3JlYXRlIjozMDAwMDAwMDAwMDAsImRlbGV0ZSI6MzAwMDAwMDAwMDAwLCJ1cGRhdGUiOjEyMDAwMDAwMDAwMH19",
          "dependencies": [
            "aws_internet_gateway.public_internet_gateway",
            "aws_route_table.public_route_table",
            "aws_subnet.public_subnet",
            "aws_vpc.VPC"
          ]
        },
        {
          "index_key": 1,
          "schema_version": 0,
          "attributes": {
            "gateway_id": "",
            "id": "rtbassoc-028c7f4b31e790061",
            "route_table_id": "rtb-0d22f185bfea4b71a",
            "subnet_id": "subnet-0ee0d8bcbc66936dc",
            "timeouts": null
          },
          "sensitive_attributes": [],
          "private": "eyJlMmJmYjczMC1lY2FhLTExZTYtOGY4OC0zNDM2M2JjN2M0YzAiOnsiY3JlYXRlIjozMDAwMDAwMDAwMDAsImRlbGV0ZSI6MzAwMDAwMDAwMDAwLCJ1cGRhdGUiOjEyMDAwMDAwMDAwMH19",
          "dependencies": [
            "aws_internet_gateway.public_internet_gateway",
            "aws_route_table.public_route_table",
            "aws_subnet.public_subnet",
            "aws_vpc.VPC"
          ]
        }
      ]
    },
    {
      "mode": "managed",
      "type": "aws_security_group",
      "name": "ec2_security_group",
      "provider": "provider[\"registry.terraform.io/hashicorp/aws\"]",
      "instances": [
        {
          "schema_version": 1,
          "attributes": {
            "arn": "arn:aws:ec2:ca-central-1:054037121931:security-group/sg-0e55b17fbb67e2125",
            "description": "Managed by Terraform",
            "egress": [
              {
                "cidr_blocks": [
                  "0.0.0.0/0"
                ],
                "description": "",
                "from_port": 0,
                "ipv6_cidr_blocks": [],
                "prefix_list_ids": [],
                "protocol": "-1",
                "security_groups": [],
                "self": false,
                "to_port": 0
              }
            ],
            "id": "sg-0e55b17fbb67e2125",
            "ingress": [
              {
                "cidr_blocks": [
                  "0.0.0.0/0"
                ],
                "description": "",
                "from_port": 22,
                "ipv6_cidr_blocks": [],
                "prefix_list_ids": [],
                "protocol": "tcp",
                "security_groups": [],
                "self": false,
                "to_port": 22
              },
              {
                "cidr_blocks": [
                  "0.0.0.0/0"
                ],
                "description": "",
                "from_port": 80,
                "ipv6_cidr_blocks": [],
                "prefix_list_ids": [],
                "protocol": "tcp",
                "security_groups": [],
                "self": false,
                "to_port": 80
              }
            ],
            "name": "terraform-20241222062525232500000001",
            "name_prefix": "terraform-",
            "owner_id": "054037121931",
            "revoke_rules_on_delete": false,
            "tags": {},
            "tags_all": {},
            "timeouts": null,
            "vpc_id": "vpc-02ce11ff3be0c5dab"
          },
          "sensitive_attributes": [],
          "private": "eyJlMmJmYjczMC1lY2FhLTExZTYtOGY4OC0zNDM2M2JjN2M0YzAiOnsiY3JlYXRlIjo2MDAwMDAwMDAwMDAsImRlbGV0ZSI6OTAwMDAwMDAwMDAwfSwic2NoZW1hX3ZlcnNpb24iOiIxIn0=",
          "dependencies": [
            "aws_vpc.VPC"
          ]
        }
      ]
    },
    {
      "mode": "managed",
      "type": "aws_subnet",
      "name": "private_subnet",
      "provider": "provider[\"registry.terraform.io/hashicorp/aws\"]",
      "instances": [
        {
          "index_key": 0,
          "schema_version": 1,
          "attributes": {
            "arn": "arn:aws:ec2:ca-central-1:054037121931:subnet/subnet-06772fc8317ffc8e6",
            "assign_ipv6_address_on_creation": false,
            "availability_zone": "ca-central-1a",
            "availability_zone_id": "cac1-az1",
            "cidr_block": "12.0.2.0/24",
            "customer_owned_ipv4_pool": "",
            "enable_dns64": false,
            "enable_lni_at_device_index": 0,
            "enable_resource_name_dns_a_record_on_launch": false,
            "enable_resource_name_dns_aaaa_record_on_launch": false,
            "id": "subnet-06772fc8317ffc8e6",
            "ipv6_cidr_block": "",
            "ipv6_cidr_block_association_id": "",
            "ipv6_native": false,
            "map_customer_owned_ip_on_launch": false,
            "map_public_ip_on_launch": false,
            "outpost_arn": "",
            "owner_id": "054037121931",
            "private_dns_hostname_type_on_launch": "ip-name",
            "tags": {
              "Name": "PrivateSubnet-1"
            },
            "tags_all": {
              "Name": "PrivateSubnet-1"
            },
            "timeouts": null,
            "vpc_id": "vpc-02ce11ff3be0c5dab"
          },
          "sensitive_attributes": [],
          "private": "eyJlMmJmYjczMC1lY2FhLTExZTYtOGY4OC0zNDM2M2JjN2M0YzAiOnsiY3JlYXRlIjo2MDAwMDAwMDAwMDAsImRlbGV0ZSI6MTIwMDAwMDAwMDAwMH0sInNjaGVtYV92ZXJzaW9uIjoiMSJ9",
          "dependencies": [
            "aws_vpc.VPC"
          ]
        },
        {
          "index_key": 1,
          "schema_version": 1,
          "attributes": {
            "arn": "arn:aws:ec2:ca-central-1:054037121931:subnet/subnet-0aac5e69acfebfd31",
            "assign_ipv6_address_on_creation": false,
            "availability_zone": "ca-central-1b",
            "availability_zone_id": "cac1-az2",
            "cidr_block": "12.0.3.0/24",
            "customer_owned_ipv4_pool": "",
            "enable_dns64": false,
            "enable_lni_at_device_index": 0,
            "enable_resource_name_dns_a_record_on_launch": false,
            "enable_resource_name_dns_aaaa_record_on_launch": false,
            "id": "subnet-0aac5e69acfebfd31",
            "ipv6_cidr_block": "",
            "ipv6_cidr_block_association_id": "",
            "ipv6_native": false,
            "map_customer_owned_ip_on_launch": false,
            "map_public_ip_on_launch": false,
            "outpost_arn": "",
            "owner_id": "054037121931",
            "private_dns_hostname_type_on_launch": "ip-name",
            "tags": {
              "Name": "PrivateSubnet-2"
            },
            "tags_all": {
              "Name": "PrivateSubnet-2"
            },
            "timeouts": null,
            "vpc_id": "vpc-02ce11ff3be0c5dab"
          },
          "sensitive_attributes": [],
          "private": "eyJlMmJmYjczMC1lY2FhLTExZTYtOGY4OC0zNDM2M2JjN2M0YzAiOnsiY3JlYXRlIjo2MDAwMDAwMDAwMDAsImRlbGV0ZSI6MTIwMDAwMDAwMDAwMH0sInNjaGVtYV92ZXJzaW9uIjoiMSJ9",
          "dependencies": [
            "aws_vpc.VPC"
          ]
        }
      ]
    },
    {
      "mode": "managed",
      "type": "aws_subnet",
      "name": "public_subnet",
      "provider": "provider[\"registry.terraform.io/hashicorp/aws\"]",
      "instances": [
        {
          "index_key": 0,
          "schema_version": 1,
          "attributes": {
            "arn": "arn:aws:ec2:ca-central-1:054037121931:subnet/subnet-01a4e8a5dfc6c4ec5",
            "assign_ipv6_address_on_creation": false,
            "availability_zone": "ca-central-1a",
            "availability_zone_id": "cac1-az1",
            "cidr_block": "12.0.0.0/24",
            "customer_owned_ipv4_pool": "",
            "enable_dns64": false,
            "enable_lni_at_device_index": 0,
            "enable_resource_name_dns_a_record_on_launch": false,
            "enable_resource_name_dns_aaaa_record_on_launch": false,
            "id": "subnet-01a4e8a5dfc6c4ec5",
            "ipv6_cidr_block": "",
            "ipv6_cidr_block_association_id": "",
            "ipv6_native": false,
            "map_customer_owned_ip_on_launch": false,
            "map_public_ip_on_launch": false,
            "outpost_arn": "",
            "owner_id": "054037121931",
            "private_dns_hostname_type_on_launch": "ip-name",
            "tags": {
              "Name": "PublicSubnet-1"
            },
            "tags_all": {
              "Name": "PublicSubnet-1"
            },
            "timeouts": null,
            "vpc_id": "vpc-02ce11ff3be0c5dab"
          },
          "sensitive_attributes": [],
          "private": "eyJlMmJmYjczMC1lY2FhLTExZTYtOGY4OC0zNDM2M2JjN2M0YzAiOnsiY3JlYXRlIjo2MDAwMDAwMDAwMDAsImRlbGV0ZSI6MTIwMDAwMDAwMDAwMH0sInNjaGVtYV92ZXJzaW9uIjoiMSJ9",
          "dependencies": [
            "aws_vpc.VPC"
          ]
        },
        {
          "index_key": 1,
          "schema_version": 1,
          "attributes": {
            "arn": "arn:aws:ec2:ca-central-1:054037121931:subnet/subnet-0ee0d8bcbc66936dc",
            "assign_ipv6_address_on_creation": false,
            "availability_zone": "ca-central-1b",
            "availability_zone_id": "cac1-az2",
            "cidr_block": "12.0.1.0/24",
            "customer_owned_ipv4_pool": "",
            "enable_dns64": false,
            "enable_lni_at_device_index": 0,
            "enable_resource_name_dns_a_record_on_launch": false,
            "enable_resource_name_dns_aaaa_record_on_launch": false,
            "id": "subnet-0ee0d8bcbc66936dc",
            "ipv6_cidr_block": "",
            "ipv6_cidr_block_association_id": "",
            "ipv6_native": false,
            "map_customer_owned_ip_on_launch": false,
            "map_public_ip_on_launch": false,
            "outpost_arn": "",
            "owner_id": "054037121931",
            "private_dns_hostname_type_on_launch": "ip-name",
            "tags": {
              "Name": "PublicSubnet-2"
            },
            "tags_all": {
              "Name": "PublicSubnet-2"
            },
            "timeouts": null,
            "vpc_id": "vpc-02ce11ff3be0c5dab"
          },
          "sensitive_attributes": [],
          "private": "eyJlMmJmYjczMC1lY2FhLTExZTYtOGY4OC0zNDM2M2JjN2M0YzAiOnsiY3JlYXRlIjo2MDAwMDAwMDAwMDAsImRlbGV0ZSI6MTIwMDAwMDAwMDAwMH0sInNjaGVtYV92ZXJzaW9uIjoiMSJ9",
          "dependencies": [
            "aws_vpc.VPC"
          ]
        }
      ]
    },
    {
      "mode": "managed",
      "type": "aws_vpc",
      "name": "VPC",
      "provider": "provider[\"registry.terraform.io/hashicorp/aws\"]",
      "instances": [
        {
          "schema_version": 1,
          "attributes": {
            "arn": "arn:aws:ec2:ca-central-1:054037121931:vpc/vpc-02ce11ff3be0c5dab",
            "assign_generated_ipv6_cidr_block": false,
            "cidr_block": "12.0.0.0/16",
            "default_network_acl_id": "acl-0dd9430468362bf2e",
            "default_route_table_id": "rtb-0b9eaaa540be655e3",
            "default_security_group_id": "sg-07335473f77f51f0e",
            "dhcp_options_id": "dopt-032e8f80f65c2e7a0",
            "enable_dns_hostnames": true,
            "enable_dns_support": true,
            "enable_network_address_usage_metrics": false,
            "id": "vpc-02ce11ff3be0c5dab",
            "instance_tenancy": "default",
            "ipv4_ipam_pool_id": null,
            "ipv4_netmask_length": null,
            "ipv6_association_id": "",
            "ipv6_cidr_block": "",
            "ipv6_cidr_block_network_border_group": "",
            "ipv6_ipam_pool_id": "",
            "ipv6_netmask_length": 0,
            "main_route_table_id": "rtb-0b9eaaa540be655e3",
            "owner_id": "054037121931",
            "tags": {
              "Name": "Default",
              "Project": "vpc"
            },
            "tags_all": {
              "Name": "Default",
              "Project": "vpc"
            }
          },
          "sensitive_attributes": [],
          "private": "eyJzY2hlbWFfdmVyc2lvbiI6IjEifQ=="
        }
      ]
    },
    {
      "mode": "managed",
      "type": "local_file",
      "name": "KEY_FILE",
      "provider": "provider[\"registry.terraform.io/hashicorp/local\"]",
      "instances": [
        {
          "schema_version": 0,
          "attributes": {
            "content": "-----BEGIN RSA PRIVATE KEY-----\nMIIJKAIBAAKCAgEA47NDtPErpJsnSahnqdvspclhxwA5f0vQ65/Zwwg8x51R7/2A\nxHVxGNigZYwMGHgfThTu7oGUkKGmKri4w2oceG7BfUwizxZ1R6fhbzekATQfDaku\ngXH8gGLN1BZ3rfcp40sVSzRekCChb0LplT51ycCouXbnyv6uMVeiqL0GuhRpncPc\n9LOb1JOTi3Oop9NI5HNc2R8UtNvhWzIHJquwqlXtkWfF9Fyx3cGyjo55Bk3qJn9M\nOUJSAdGu0SQ2AI35197hj3qm54A7KcMtpIbhjgnvXd54aZ4NmotNuOJ5YY2c9aWy\nlCPc7yse0EJf2qKtljzDnBy4dyxMOLnS2Ri9pk8nxqLgYEk/KGdxXZmfbTYeMcUc\n7gygmhNJrJmv9xcRGz5R27L6LFnizi/RXpYr08JLKWz/VmMbEz/ItaGoaHGqphHL\nsYH7+h8eLNGYT7XmMadrwZy0EmjN7zO+08/kRJknM2r3rggE1FD3xlFQuk7yjZJk\n8t/U94cfXodeIPOdZI60+QYBMmduVeiVIglf7N4wgKTiZw1KJtg0zHgfJFz5nbaW\ngY/AsYW/IttwFVMnl58JqHEQqEVfRioK6FkYoplT5GIsZq+T46DgoPfdp0521rBp\nSWQ1rqg+5dRZ8Hdx4f5i8CIYvNlLTknlZmCFFU/ISAk+pKNEuma2ccT5xtMCAwEA\nAQKCAgBULHnUEu+CS0TrytB/j2hdJSP7L88RitJxuEcE/S+Sz0pyAHGwroWfnL02\nrN3v0cAo2j41dzuXd9p4oo7S1pAtySvICPQ5P+EdGyeQOK5tL3pnT2p8ucmRIHVc\neO3HJr6aYrA9e9+VQirLeZ3l6RAcBBebcCRh+2IjpXThEffBpDgi9TviTd9GZ0O8\n4oWvfMDOiwMA1KeP8FTPpJ/WINQPM/K9tPIN0pKCGs/KOUruFLGBh7+Cz0yHlZ8d\ne1hnPhTlQ2R46Ot4WwQD/T4LOz14h52wQsSarq3yupqBxV7/vB0RBi8M6nELDRK4\nBEFxDoBDMLVTKZ7bl0maEr+qN6YreTdCdl1ynN70WcJD0B2z+7M41awO2vxMBrd/\n89YL4vRCQKUxxEm1IrDJFMf5szp4d2s6RFlkznUsxNOnuwiqZWSbbr4QbmBRb48c\nx4heIzpW6USGnyNrsvysQ8Yw8903Whbj87u+jCx58WEfCPRtIdUxIAKqN5+Tdh6l\nxCDKD+CXYq3h6BnTkb9vJW1N5U2mxzNk/jpPhxqyXjW8awbSjjzT9fwmDrxhgUj/\nmzhmKKQoo7m8K2k1N0H/NvSejxRSeFY+0zE0K1WUFzluKVlPpykgCzB5oKyTXzrG\nAgYPiMe5EAcK2hDngTw4YxaY/4X1GvXS4iTBth27m525kQY50QKCAQEA+BaLQYH6\nmgXMRQexmhQvmxzPDXcoeYKbsiutSYUFOEVoPSfYX8UksLx/fhk02vvvNkekjsq1\nKdjdXscaj3uQritY+5Ww7jXp1woNCJW89RFS5x9Usr7zrQF6uVrNEd6RuXH3+/A2\nE8h5ZLQPBLE8jYIagdRP6th+mLz2WjfVW/5cGS8wePvXmfj3MnfM7XSA39hRv8u/\nGW+mcHvCS2vPfloHq+peEkUuEAyAaLf/nKv3zTlH6pf9XVJ6S9FkBm4fzEFD7cCH\nl1Kg55JgCcf+dCLNiacW8yjZAqorw89K2Is4y0g8xyvxgKVzplwfY5WEHDlx+/Pp\nbfG9eOYogeuCSwKCAQEA6vZE4kCDxm7jed32kvnXa8fSsa2w9WLV83CJmKfN2+C0\nJZKDdmvIPuGFO9C3Ca96hYdtPsn9H8Ax8rYssb0zazZW+Tie97+Do8gKSSFInF8M\nuHbHLasqT3b0/GCzYXzYyLZR8d6apT0aqw58r1UcdFoBlibXEaqfJMferIlAKaAT\njSA1ufbJY0i0nsy0d6ILsKKMuzsCF8criMOMCBWTI4D44oHUOvtAiJ4Sp2IxycY+\nV8D4zQAQHsMheDcc4Lyl8GPHCjGdATjdvWEBZ7v60xI+w31C/M2v9RVdFGBn5vPp\ny/C1sHRhZyCPD/Yn6PcVhM5lia029N9/I5WLONm4mQKCAQADTQl9TaVv9zPIl1md\nmzcm8TMwEq3PMBWyQTKFD+gJ36KLbcRLQexDDb8EhoFViJSePEXMQJY4gFIxuKR5\n1EMQjjMY5dz8zmrWGaQiwRtKh3h66sfNuQy0+JgRb0vbOQLnXMTX7VJK4Rf8Zwjs\nHw+XMmv33kNR9J96mMkOWj/UgYXoL+CNO4ya190yJrXrUumEEPTFgIiCZiHozTzA\nlCamn7wKZYvq4lDClef/fLNB+mfJq0FxtaQBYd+OsrKKA10Y8qVcvHsRYGATtLbi\nam7QTMY/VqHPinOYvXrnmBJ+3xtaWRO18re75nerdv5T7OFdHsaNe6lXdSf4O9e+\nIswRAoIBABQb+a9HiD+uc+eVOKpBmc9OrdipHfESgW8xXYVkLzk3VRO2I2w6M0w2\nbvm8lj3M9/Z/rbjm/rP99gho0RBxOfpeDzmLQAfCK1kUINU7dQR1GhibidZ9xMRC\nURtch127mq4q9H5359JmlWa4ebFj3miS33njXxrS+IXkWUl5AbXOTn4QmKiO15OY\nwGSq7nMiuk9myhaoKTixwicVXWG/vvUV77crF2fo4xAOP1h2Df7P6bwG9wRMkhSf\n7LhmNyGA487cK0fTETXukQPJTp57Ny9ja1291cLfM8UNDAdXbO0WSRc8RcCRZVi3\nL6dVEPteUkgohgYvffmdOztnbB/0elkCggEBAK/6E8FxUfIL8ITEg83MHQWhqv0X\nLzuH4wqmmMv/IdWj8S/U11taSSB4BHAEb5yVY5T2C/kHvLnXsqQerI0bCrIi1NXh\nDNIz+TDV4jJN4LOrFJWvfwJH5ZbqmIIL3wUemafFthKkVG/K9o6jP2K4En/fIMG4\nHfXRB1OGrJ1YlMDp1ukp0QP8vYb0JiRePYzk6mKsggh/DXRL2UthozHYVUDQD1Rb\njyWs5uqAPa+qTuIiUCdWuyI6ZybShidFFnZAvw7mDsKK3MPu3aI+Kzi6gmgsSdjU\nvcLEb9FS03E+zkbHoSfohSordU3eLoK1TRZCxiRy0O7GkIHp6+yTXNv/mBc=\n-----END RSA PRIVATE KEY-----\n",
            "content_base64": null,
            "content_base64sha256": "YvkZpy1wD+XvNfNXTkYGAlOQwtcAFnFz5aZ7KaiVFjo=",
            "content_base64sha512": "DHS+1L0RYQndQtV6P0Jb0iEZ7/DCKnbKel05gMe9HeMSeLGc/oHH4fIJHHiVp4jI31SPgYb7lr3S1RHFT4DuGA==",
            "content_md5": "c7e556e5f96037785afd171441041463",
            "content_sha1": "63cc955a60dd8900cacda1537a168b0833f4d579",
            "content_sha256": "62f919a72d700fe5ef35f3574e4606025390c2d700167173e5a67b29a895163a",
            "content_sha512": "0c74bed4bd116109dd42d57a3f425bd22119eff0c22a76ca7a5d3980c7bd1de31278b19cfe81c7e1f2091c7895a788c8df548f8186fb96bdd2d511c54f80ee18",
            "directory_permission": "0777",
            "file_permission": "0777",
            "filename": "tfkey",
            "id": "63cc955a60dd8900cacda1537a168b0833f4d579",
            "sensitive_content": null,
            "source": null
          },
          "sensitive_attributes": [
            [
              {
                "type": "get_attr",
                "value": "content"
              }
            ],
            [
              {
                "type": "get_attr",
                "value": "sensitive_content"
              }
            ]
          ],
          "dependencies": [
            "tls_private_key.rsa"
          ]
        }
      ]
    },
    {
      "mode": "managed",
      "type": "tls_private_key",
      "name": "rsa",
      "provider": "provider[\"registry.terraform.io/hashicorp/tls\"]",
      "instances": [
        {
          "schema_version": 1,
          "attributes": {
            "algorithm": "RSA",
            "ecdsa_curve": "P224",
            "id": "1e99f5c8732c8ad02552d321fb74285df1258732",
            "private_key_openssh": "-----BEGIN OPENSSH PRIVATE KEY-----\nb3BlbnNzaC1rZXktdjEAAAAABG5vbmUAAAAEbm9uZQAAAAAAAAABAAACFwAAAAdz\nc2gtcnNhAAAAAwEAAQAAAgEA47NDtPErpJsnSahnqdvspclhxwA5f0vQ65/Zwwg8\nx51R7/2AxHVxGNigZYwMGHgfThTu7oGUkKGmKri4w2oceG7BfUwizxZ1R6fhbzek\nATQfDakugXH8gGLN1BZ3rfcp40sVSzRekCChb0LplT51ycCouXbnyv6uMVeiqL0G\nuhRpncPc9LOb1JOTi3Oop9NI5HNc2R8UtNvhWzIHJquwqlXtkWfF9Fyx3cGyjo55\nBk3qJn9MOUJSAdGu0SQ2AI35197hj3qm54A7KcMtpIbhjgnvXd54aZ4NmotNuOJ5\nYY2c9aWylCPc7yse0EJf2qKtljzDnBy4dyxMOLnS2Ri9pk8nxqLgYEk/KGdxXZmf\nbTYeMcUc7gygmhNJrJmv9xcRGz5R27L6LFnizi/RXpYr08JLKWz/VmMbEz/ItaGo\naHGqphHLsYH7+h8eLNGYT7XmMadrwZy0EmjN7zO+08/kRJknM2r3rggE1FD3xlFQ\nuk7yjZJk8t/U94cfXodeIPOdZI60+QYBMmduVeiVIglf7N4wgKTiZw1KJtg0zHgf\nJFz5nbaWgY/AsYW/IttwFVMnl58JqHEQqEVfRioK6FkYoplT5GIsZq+T46DgoPfd\np0521rBpSWQ1rqg+5dRZ8Hdx4f5i8CIYvNlLTknlZmCFFU/ISAk+pKNEuma2ccT5\nxtMAAAc4rY94/q2PeP4AAAAHc3NoLXJzYQAAAgEA47NDtPErpJsnSahnqdvspclh\nxwA5f0vQ65/Zwwg8x51R7/2AxHVxGNigZYwMGHgfThTu7oGUkKGmKri4w2oceG7B\nfUwizxZ1R6fhbzekATQfDakugXH8gGLN1BZ3rfcp40sVSzRekCChb0LplT51ycCo\nuXbnyv6uMVeiqL0GuhRpncPc9LOb1JOTi3Oop9NI5HNc2R8UtNvhWzIHJquwqlXt\nkWfF9Fyx3cGyjo55Bk3qJn9MOUJSAdGu0SQ2AI35197hj3qm54A7KcMtpIbhjgnv\nXd54aZ4NmotNuOJ5YY2c9aWylCPc7yse0EJf2qKtljzDnBy4dyxMOLnS2Ri9pk8n\nxqLgYEk/KGdxXZmfbTYeMcUc7gygmhNJrJmv9xcRGz5R27L6LFnizi/RXpYr08JL\nKWz/VmMbEz/ItaGoaHGqphHLsYH7+h8eLNGYT7XmMadrwZy0EmjN7zO+08/kRJkn\nM2r3rggE1FD3xlFQuk7yjZJk8t/U94cfXodeIPOdZI60+QYBMmduVeiVIglf7N4w\ngKTiZw1KJtg0zHgfJFz5nbaWgY/AsYW/IttwFVMnl58JqHEQqEVfRioK6FkYoplT\n5GIsZq+T46DgoPfdp0521rBpSWQ1rqg+5dRZ8Hdx4f5i8CIYvNlLTknlZmCFFU/I\nSAk+pKNEuma2ccT5xtMAAAADAQABAAACAFQsedQS74JLROvK0H+PaF0lI/svzxGK\n0nG4RwT9L5LPSnIAcbCuhZ+cvTas3e/RwCjaPjV3O5d32niijtLWkC3JK8gI9Dk/\n4R0bJ5A4rm0vemdPany5yZEgdVx47ccmvppisD1735VCKst5neXpEBwEF5twJGH7\nYiOldOER98GkOCL1O+JN30ZnQ7ziha98wM6LAwDUp4/wVM+kn9Yg1A8z8r208g3S\nkoIaz8o5Su4UsYGHv4LPTIeVnx17WGc+FOVDZHjo63hbBAP9Pgs7PXiHnbBCxJqu\nrfK6moHFXv+8HREGLwzqcQsNErgEQXEOgEMwtVMpntuXSZoSv6o3pit5N0J2XXKc\n3vRZwkPQHbP7szjVrA7a/EwGt3/z1gvi9EJApTHESbUisMkUx/mzOnh3azpEWWTO\ndSzE06e7CKplZJtuvhBuYFFvjxzHiF4jOlbpRIafI2uy/KxDxjDz3TdaFuPzu76M\nLHnxYR8I9G0h1TEgAqo3n5N2HqXEIMoP4JdireHoGdORv28lbU3lTabHM2T+Ok+H\nGrJeNbxrBtKOPNP1/CYOvGGBSP+bOGYopCijubwraTU3Qf829J6PFFJ4Vj7TMTQr\nVZQXOW4pWU+nKSALMHmgrJNfOsYCBg+Ix7kQBwraEOeBPDhjFpj/hfUa9dLiJMG2\nHbubnbmRBjnRAAABAQCv+hPBcVHyC/CExIPNzB0Foar9Fy87h+MKppjL/yHVo/Ev\n1NdbWkkgeARwBG+clWOU9gv5B7y517KkHqyNGwqyItTV4QzSM/kw1eIyTeCzqxSV\nr38CR+WW6piCC98FHpmnxbYSpFRvyvaOoz9iuBJ/3yDBuB310QdThqydWJTA6dbp\nKdED/L2G9CYkXj2M5OpirIIIfw10S9lLYaMx2FVA0A9UW48lrObqgD2vqk7iIlAn\nVrsiOmcm0oYnRRZ2QL8O5g7CitzD7t2iPis4uoJoLEnY1L3CxG/RUtNxPs5Gx6En\n6IUqK3VN3i6CtU0WQsYkctDuxpCB6evsk1zb/5gXAAABAQD4FotBgfqaBcxFB7Ga\nFC+bHM8Ndyh5gpuyK61JhQU4RWg9J9hfxSSwvH9+GTTa++82R6SOyrUp2N1exxqP\ne5CuK1j7lbDuNenXCg0Ilbz1EVLnH1SyvvOtAXq5Ws0R3pG5cff78DYTyHlktA8E\nsTyNghqB1E/q2H6YvPZaN9Vb/lwZLzB4+9eZ+Pcyd8ztdIDf2FG/y78Zb6Zwe8JL\na89+Wger6l4SRS4QDIBot/+cq/fNOUfql/1dUnpL0WQGbh/MQUPtwIeXUqDnkmAJ\nx/50Is2JpxbzKNkCqivDz0rYizjLSDzHK/GApXOmXB9jlYQcOXH78+lt8b145iiB\n64JLAAABAQDq9kTiQIPGbuN53faS+ddrx9KxrbD1YtXzcImYp83b4LQlkoN2a8g+\n4YU70LcJr3qFh20+yf0fwDHytiyxvTNrNlb5OJ73v4OjyApJIUicXwy4dsctqypP\ndvT8YLNhfNjItlHx3pqlPRqrDnyvVRx0WgGWJtcRqp8kx96siUApoBONIDW59slj\nSLSezLR3oguwooy7OwIXxyuIw4wIFZMjgPjigdQ6+0CInhKnYjHJxj5XwPjNABAe\nwyF4NxzgvKXwY8cKMZ0BON29YQFnu/rTEj7DfUL8za/1FV0UYGfm8+nL8LWwdGFn\nII8P9ifo9xWEzmWJrTb0338jlYs42biZAAAAAAEC\n-----END OPENSSH PRIVATE KEY-----\n",
            "private_key_pem": "-----BEGIN RSA PRIVATE KEY-----\nMIIJKAIBAAKCAgEA47NDtPErpJsnSahnqdvspclhxwA5f0vQ65/Zwwg8x51R7/2A\nxHVxGNigZYwMGHgfThTu7oGUkKGmKri4w2oceG7BfUwizxZ1R6fhbzekATQfDaku\ngXH8gGLN1BZ3rfcp40sVSzRekCChb0LplT51ycCouXbnyv6uMVeiqL0GuhRpncPc\n9LOb1JOTi3Oop9NI5HNc2R8UtNvhWzIHJquwqlXtkWfF9Fyx3cGyjo55Bk3qJn9M\nOUJSAdGu0SQ2AI35197hj3qm54A7KcMtpIbhjgnvXd54aZ4NmotNuOJ5YY2c9aWy\nlCPc7yse0EJf2qKtljzDnBy4dyxMOLnS2Ri9pk8nxqLgYEk/KGdxXZmfbTYeMcUc\n7gygmhNJrJmv9xcRGz5R27L6LFnizi/RXpYr08JLKWz/VmMbEz/ItaGoaHGqphHL\nsYH7+h8eLNGYT7XmMadrwZy0EmjN7zO+08/kRJknM2r3rggE1FD3xlFQuk7yjZJk\n8t/U94cfXodeIPOdZI60+QYBMmduVeiVIglf7N4wgKTiZw1KJtg0zHgfJFz5nbaW\ngY/AsYW/IttwFVMnl58JqHEQqEVfRioK6FkYoplT5GIsZq+T46DgoPfdp0521rBp\nSWQ1rqg+5dRZ8Hdx4f5i8CIYvNlLTknlZmCFFU/ISAk+pKNEuma2ccT5xtMCAwEA\nAQKCAgBULHnUEu+CS0TrytB/j2hdJSP7L88RitJxuEcE/S+Sz0pyAHGwroWfnL02\nrN3v0cAo2j41dzuXd9p4oo7S1pAtySvICPQ5P+EdGyeQOK5tL3pnT2p8ucmRIHVc\neO3HJr6aYrA9e9+VQirLeZ3l6RAcBBebcCRh+2IjpXThEffBpDgi9TviTd9GZ0O8\n4oWvfMDOiwMA1KeP8FTPpJ/WINQPM/K9tPIN0pKCGs/KOUruFLGBh7+Cz0yHlZ8d\ne1hnPhTlQ2R46Ot4WwQD/T4LOz14h52wQsSarq3yupqBxV7/vB0RBi8M6nELDRK4\nBEFxDoBDMLVTKZ7bl0maEr+qN6YreTdCdl1ynN70WcJD0B2z+7M41awO2vxMBrd/\n89YL4vRCQKUxxEm1IrDJFMf5szp4d2s6RFlkznUsxNOnuwiqZWSbbr4QbmBRb48c\nx4heIzpW6USGnyNrsvysQ8Yw8903Whbj87u+jCx58WEfCPRtIdUxIAKqN5+Tdh6l\nxCDKD+CXYq3h6BnTkb9vJW1N5U2mxzNk/jpPhxqyXjW8awbSjjzT9fwmDrxhgUj/\nmzhmKKQoo7m8K2k1N0H/NvSejxRSeFY+0zE0K1WUFzluKVlPpykgCzB5oKyTXzrG\nAgYPiMe5EAcK2hDngTw4YxaY/4X1GvXS4iTBth27m525kQY50QKCAQEA+BaLQYH6\nmgXMRQexmhQvmxzPDXcoeYKbsiutSYUFOEVoPSfYX8UksLx/fhk02vvvNkekjsq1\nKdjdXscaj3uQritY+5Ww7jXp1woNCJW89RFS5x9Usr7zrQF6uVrNEd6RuXH3+/A2\nE8h5ZLQPBLE8jYIagdRP6th+mLz2WjfVW/5cGS8wePvXmfj3MnfM7XSA39hRv8u/\nGW+mcHvCS2vPfloHq+peEkUuEAyAaLf/nKv3zTlH6pf9XVJ6S9FkBm4fzEFD7cCH\nl1Kg55JgCcf+dCLNiacW8yjZAqorw89K2Is4y0g8xyvxgKVzplwfY5WEHDlx+/Pp\nbfG9eOYogeuCSwKCAQEA6vZE4kCDxm7jed32kvnXa8fSsa2w9WLV83CJmKfN2+C0\nJZKDdmvIPuGFO9C3Ca96hYdtPsn9H8Ax8rYssb0zazZW+Tie97+Do8gKSSFInF8M\nuHbHLasqT3b0/GCzYXzYyLZR8d6apT0aqw58r1UcdFoBlibXEaqfJMferIlAKaAT\njSA1ufbJY0i0nsy0d6ILsKKMuzsCF8criMOMCBWTI4D44oHUOvtAiJ4Sp2IxycY+\nV8D4zQAQHsMheDcc4Lyl8GPHCjGdATjdvWEBZ7v60xI+w31C/M2v9RVdFGBn5vPp\ny/C1sHRhZyCPD/Yn6PcVhM5lia029N9/I5WLONm4mQKCAQADTQl9TaVv9zPIl1md\nmzcm8TMwEq3PMBWyQTKFD+gJ36KLbcRLQexDDb8EhoFViJSePEXMQJY4gFIxuKR5\n1EMQjjMY5dz8zmrWGaQiwRtKh3h66sfNuQy0+JgRb0vbOQLnXMTX7VJK4Rf8Zwjs\nHw+XMmv33kNR9J96mMkOWj/UgYXoL+CNO4ya190yJrXrUumEEPTFgIiCZiHozTzA\nlCamn7wKZYvq4lDClef/fLNB+mfJq0FxtaQBYd+OsrKKA10Y8qVcvHsRYGATtLbi\nam7QTMY/VqHPinOYvXrnmBJ+3xtaWRO18re75nerdv5T7OFdHsaNe6lXdSf4O9e+\nIswRAoIBABQb+a9HiD+uc+eVOKpBmc9OrdipHfESgW8xXYVkLzk3VRO2I2w6M0w2\nbvm8lj3M9/Z/rbjm/rP99gho0RBxOfpeDzmLQAfCK1kUINU7dQR1GhibidZ9xMRC\nURtch127mq4q9H5359JmlWa4ebFj3miS33njXxrS+IXkWUl5AbXOTn4QmKiO15OY\nwGSq7nMiuk9myhaoKTixwicVXWG/vvUV77crF2fo4xAOP1h2Df7P6bwG9wRMkhSf\n7LhmNyGA487cK0fTETXukQPJTp57Ny9ja1291cLfM8UNDAdXbO0WSRc8RcCRZVi3\nL6dVEPteUkgohgYvffmdOztnbB/0elkCggEBAK/6E8FxUfIL8ITEg83MHQWhqv0X\nLzuH4wqmmMv/IdWj8S/U11taSSB4BHAEb5yVY5T2C/kHvLnXsqQerI0bCrIi1NXh\nDNIz+TDV4jJN4LOrFJWvfwJH5ZbqmIIL3wUemafFthKkVG/K9o6jP2K4En/fIMG4\nHfXRB1OGrJ1YlMDp1ukp0QP8vYb0JiRePYzk6mKsggh/DXRL2UthozHYVUDQD1Rb\njyWs5uqAPa+qTuIiUCdWuyI6ZybShidFFnZAvw7mDsKK3MPu3aI+Kzi6gmgsSdjU\nvcLEb9FS03E+zkbHoSfohSordU3eLoK1TRZCxiRy0O7GkIHp6+yTXNv/mBc=\n-----END RSA PRIVATE KEY-----\n",
            "private_key_pem_pkcs8": "-----BEGIN PRIVATE KEY-----\nMIIJQgIBADANBgkqhkiG9w0BAQEFAASCCSwwggkoAgEAAoICAQDjs0O08SukmydJ\nqGep2+ylyWHHADl/S9Drn9nDCDzHnVHv/YDEdXEY2KBljAwYeB9OFO7ugZSQoaYq\nuLjDahx4bsF9TCLPFnVHp+FvN6QBNB8NqS6BcfyAYs3UFnet9ynjSxVLNF6QIKFv\nQumVPnXJwKi5dufK/q4xV6KovQa6FGmdw9z0s5vUk5OLc6in00jkc1zZHxS02+Fb\nMgcmq7CqVe2RZ8X0XLHdwbKOjnkGTeomf0w5QlIB0a7RJDYAjfnX3uGPeqbngDsp\nwy2khuGOCe9d3nhpng2ai0244nlhjZz1pbKUI9zvKx7QQl/aoq2WPMOcHLh3LEw4\nudLZGL2mTyfGouBgST8oZ3FdmZ9tNh4xxRzuDKCaE0msma/3FxEbPlHbsvosWeLO\nL9FelivTwkspbP9WYxsTP8i1oahocaqmEcuxgfv6Hx4s0ZhPteYxp2vBnLQSaM3v\nM77Tz+REmSczaveuCATUUPfGUVC6TvKNkmTy39T3hx9eh14g851kjrT5BgEyZ25V\n6JUiCV/s3jCApOJnDUom2DTMeB8kXPmdtpaBj8Cxhb8i23AVUyeXnwmocRCoRV9G\nKgroWRiimVPkYixmr5PjoOCg992nTnbWsGlJZDWuqD7l1Fnwd3Hh/mLwIhi82UtO\nSeVmYIUVT8hICT6ko0S6ZrZxxPnG0wIDAQABAoICAFQsedQS74JLROvK0H+PaF0l\nI/svzxGK0nG4RwT9L5LPSnIAcbCuhZ+cvTas3e/RwCjaPjV3O5d32niijtLWkC3J\nK8gI9Dk/4R0bJ5A4rm0vemdPany5yZEgdVx47ccmvppisD1735VCKst5neXpEBwE\nF5twJGH7YiOldOER98GkOCL1O+JN30ZnQ7ziha98wM6LAwDUp4/wVM+kn9Yg1A8z\n8r208g3SkoIaz8o5Su4UsYGHv4LPTIeVnx17WGc+FOVDZHjo63hbBAP9Pgs7PXiH\nnbBCxJqurfK6moHFXv+8HREGLwzqcQsNErgEQXEOgEMwtVMpntuXSZoSv6o3pit5\nN0J2XXKc3vRZwkPQHbP7szjVrA7a/EwGt3/z1gvi9EJApTHESbUisMkUx/mzOnh3\nazpEWWTOdSzE06e7CKplZJtuvhBuYFFvjxzHiF4jOlbpRIafI2uy/KxDxjDz3Tda\nFuPzu76MLHnxYR8I9G0h1TEgAqo3n5N2HqXEIMoP4JdireHoGdORv28lbU3lTabH\nM2T+Ok+HGrJeNbxrBtKOPNP1/CYOvGGBSP+bOGYopCijubwraTU3Qf829J6PFFJ4\nVj7TMTQrVZQXOW4pWU+nKSALMHmgrJNfOsYCBg+Ix7kQBwraEOeBPDhjFpj/hfUa\n9dLiJMG2HbubnbmRBjnRAoIBAQD4FotBgfqaBcxFB7GaFC+bHM8Ndyh5gpuyK61J\nhQU4RWg9J9hfxSSwvH9+GTTa++82R6SOyrUp2N1exxqPe5CuK1j7lbDuNenXCg0I\nlbz1EVLnH1SyvvOtAXq5Ws0R3pG5cff78DYTyHlktA8EsTyNghqB1E/q2H6YvPZa\nN9Vb/lwZLzB4+9eZ+Pcyd8ztdIDf2FG/y78Zb6Zwe8JLa89+Wger6l4SRS4QDIBo\nt/+cq/fNOUfql/1dUnpL0WQGbh/MQUPtwIeXUqDnkmAJx/50Is2JpxbzKNkCqivD\nz0rYizjLSDzHK/GApXOmXB9jlYQcOXH78+lt8b145iiB64JLAoIBAQDq9kTiQIPG\nbuN53faS+ddrx9KxrbD1YtXzcImYp83b4LQlkoN2a8g+4YU70LcJr3qFh20+yf0f\nwDHytiyxvTNrNlb5OJ73v4OjyApJIUicXwy4dsctqypPdvT8YLNhfNjItlHx3pql\nPRqrDnyvVRx0WgGWJtcRqp8kx96siUApoBONIDW59sljSLSezLR3oguwooy7OwIX\nxyuIw4wIFZMjgPjigdQ6+0CInhKnYjHJxj5XwPjNABAewyF4NxzgvKXwY8cKMZ0B\nON29YQFnu/rTEj7DfUL8za/1FV0UYGfm8+nL8LWwdGFnII8P9ifo9xWEzmWJrTb0\n338jlYs42biZAoIBAANNCX1NpW/3M8iXWZ2bNybxMzASrc8wFbJBMoUP6Anfoott\nxEtB7EMNvwSGgVWIlJ48RcxAljiAUjG4pHnUQxCOMxjl3PzOatYZpCLBG0qHeHrq\nx825DLT4mBFvS9s5AudcxNftUkrhF/xnCOwfD5cya/feQ1H0n3qYyQ5aP9SBhegv\n4I07jJrX3TImtetS6YQQ9MWAiIJmIejNPMCUJqafvApli+riUMKV5/98s0H6Z8mr\nQXG1pAFh346ysooDXRjypVy8exFgYBO0tuJqbtBMxj9Woc+Kc5i9eueYEn7fG1pZ\nE7Xyt7vmd6t2/lPs4V0exo17qVd1J/g7174izBECggEAFBv5r0eIP65z55U4qkGZ\nz06t2Kkd8RKBbzFdhWQvOTdVE7YjbDozTDZu+byWPcz39n+tuOb+s/32CGjREHE5\n+l4POYtAB8IrWRQg1Tt1BHUaGJuJ1n3ExEJRG1yHXbuarir0fnfn0maVZrh5sWPe\naJLfeeNfGtL4heRZSXkBtc5OfhCYqI7Xk5jAZKrucyK6T2bKFqgpOLHCJxVdYb++\n9RXvtysXZ+jjEA4/WHYN/s/pvAb3BEySFJ/suGY3IYDjztwrR9MRNe6RA8lOnns3\nL2NrXb3Vwt8zxQ0MB1ds7RZJFzxFwJFlWLcvp1UQ+15SSCiGBi99+Z07O2dsH/R6\nWQKCAQEAr/oTwXFR8gvwhMSDzcwdBaGq/RcvO4fjCqaYy/8h1aPxL9TXW1pJIHgE\ncARvnJVjlPYL+Qe8udeypB6sjRsKsiLU1eEM0jP5MNXiMk3gs6sUla9/AkflluqY\nggvfBR6Zp8W2EqRUb8r2jqM/YrgSf98gwbgd9dEHU4asnViUwOnW6SnRA/y9hvQm\nJF49jOTqYqyCCH8NdEvZS2GjMdhVQNAPVFuPJazm6oA9r6pO4iJQJ1a7IjpnJtKG\nJ0UWdkC/DuYOworcw+7doj4rOLqCaCxJ2NS9wsRv0VLTcT7ORsehJ+iFKit1Td4u\ngrVNFkLGJHLQ7saQgenr7JNc2/+YFw==\n-----END PRIVATE KEY-----\n",
            "public_key_fingerprint_md5": "8d:ba:74:91:83:bb:98:f4:2f:ff:14:8c:62:60:96:89",
            "public_key_fingerprint_sha256": "SHA256:6LIAIoD7z+INE+mYAxXoNeYcjUIoFh5WDgrw6kW6jF4",
            "public_key_openssh": "ssh-rsa AAAAB3NzaC1yc2EAAAADAQABAAACAQDjs0O08SukmydJqGep2+ylyWHHADl/S9Drn9nDCDzHnVHv/YDEdXEY2KBljAwYeB9OFO7ugZSQoaYquLjDahx4bsF9TCLPFnVHp+FvN6QBNB8NqS6BcfyAYs3UFnet9ynjSxVLNF6QIKFvQumVPnXJwKi5dufK/q4xV6KovQa6FGmdw9z0s5vUk5OLc6in00jkc1zZHxS02+FbMgcmq7CqVe2RZ8X0XLHdwbKOjnkGTeomf0w5QlIB0a7RJDYAjfnX3uGPeqbngDspwy2khuGOCe9d3nhpng2ai0244nlhjZz1pbKUI9zvKx7QQl/aoq2WPMOcHLh3LEw4udLZGL2mTyfGouBgST8oZ3FdmZ9tNh4xxRzuDKCaE0msma/3FxEbPlHbsvosWeLOL9FelivTwkspbP9WYxsTP8i1oahocaqmEcuxgfv6Hx4s0ZhPteYxp2vBnLQSaM3vM77Tz+REmSczaveuCATUUPfGUVC6TvKNkmTy39T3hx9eh14g851kjrT5BgEyZ25V6JUiCV/s3jCApOJnDUom2DTMeB8kXPmdtpaBj8Cxhb8i23AVUyeXnwmocRCoRV9GKgroWRiimVPkYixmr5PjoOCg992nTnbWsGlJZDWuqD7l1Fnwd3Hh/mLwIhi82UtOSeVmYIUVT8hICT6ko0S6ZrZxxPnG0w==\n",
            "public_key_pem": "-----BEGIN PUBLIC KEY-----\nMIICIjANBgkqhkiG9w0BAQEFAAOCAg8AMIICCgKCAgEA47NDtPErpJsnSahnqdvs\npclhxwA5f0vQ65/Zwwg8x51R7/2AxHVxGNigZYwMGHgfThTu7oGUkKGmKri4w2oc\neG7BfUwizxZ1R6fhbzekATQfDakugXH8gGLN1BZ3rfcp40sVSzRekCChb0LplT51\nycCouXbnyv6uMVeiqL0GuhRpncPc9LOb1JOTi3Oop9NI5HNc2R8UtNvhWzIHJquw\nqlXtkWfF9Fyx3cGyjo55Bk3qJn9MOUJSAdGu0SQ2AI35197hj3qm54A7KcMtpIbh\njgnvXd54aZ4NmotNuOJ5YY2c9aWylCPc7yse0EJf2qKtljzDnBy4dyxMOLnS2Ri9\npk8nxqLgYEk/KGdxXZmfbTYeMcUc7gygmhNJrJmv9xcRGz5R27L6LFnizi/RXpYr\n08JLKWz/VmMbEz/ItaGoaHGqphHLsYH7+h8eLNGYT7XmMadrwZy0EmjN7zO+08/k\nRJknM2r3rggE1FD3xlFQuk7yjZJk8t/U94cfXodeIPOdZI60+QYBMmduVeiVIglf\n7N4wgKTiZw1KJtg0zHgfJFz5nbaWgY/AsYW/IttwFVMnl58JqHEQqEVfRioK6FkY\noplT5GIsZq+T46DgoPfdp0521rBpSWQ1rqg+5dRZ8Hdx4f5i8CIYvNlLTknlZmCF\nFU/ISAk+pKNEuma2ccT5xtMCAwEAAQ==\n-----END PUBLIC KEY-----\n",
            "rsa_bits": 4096
          },
          "sensitive_attributes": [
            [
              {
                "type": "get_attr",
                "value": "private_key_openssh"
              }
            ],
            [
              {
                "type": "get_attr",
                "value": "private_key_pem_pkcs8"
              }
            ],
            [
              {
                "type": "get_attr",
                "value": "private_key_pem"
              }
            ]
          ]
        }
      ]
    }
  ],
  "check_results": null
}
